
Microsoft Visual Studio Solution File, Format Version 12.00
# Visual Studio 15
VisualStudioVersion = 15.0.28307.1145
MinimumVisualStudioVersion = 10.0.40219.1
Project("{FAE04EC0-301F-11D3-BF4B-00C04F79EFBC}") = "my calculator", "my calculator\my calculator.csproj", "{115E5B68-894A-4FDD-9306-FB73AAA2B8D1}"
EndProject
Global
	GlobalSection(SolutionConfigurationPlatforms) = preSolution
		Debug|Any CPU = Debug|Any CPU
		Release|Any CPU = Release|Any CPU
	EndGlobalSection
	GlobalSection(ProjectConfigurationPlatforms) = postSolution
		{115E5B68-894A-4FDD-9306-FB73AAA2B8D1}.Debug|Any CPU.ActiveCfg = Debug|Any CPU
		{115E5B68-894A-4FDD-9306-FB73AAA2B8D1}.Debug|Any CPU.Build.0 = Debug|Any CPU
		{115E5B68-894A-4FDD-9306-FB73AAA2B8D1}.Release|Any CPU.ActiveCfg = Release|Any CPU
		{115E5B68-894A-4FDD-9306-FB73AAA2B8D1}.Release|Any CPU.Build.0 = Release|Any CPU
	EndGlobalSection
	GlobalSection(SolutionProperties) = preSolution
		HideSolutionNode = FALSE
	EndGlobalSection
	GlobalSection(ExtensibilityGlobals) = postSolution
		SolutionGuid = {34EFC946-6B5D-408E-B52D-588ABD865CA3}
	EndGlobalSection
EndGlobal
